{
  "requires": true,
  "lockfileVersion": 1,
  "dependencies": {
    "requset": {
      "version": "0.0.1-security",
      "resolved": "https://registry.npmjs.org/requset/-/requset-0.0.1-security.tgz",
      "integrity": "sha512-YiF8XxOQofGwWCs8fGjgGc4WzJSD3ktuFKbiqCAWHFrHcDDbq/fQZWbU0CmN0GxAdUHW6OtJcKgsNr3wile37w=="
    }
  }
}
